
Microsoft Visual Studio Solution File, Format Version 12.00
# Visual Studio Version 17
VisualStudioVersion = 17.5.33530.505
MinimumVisualStudioVersion = 10.0.40219.1
Project("{FAE04EC0-301F-11D3-BF4B-00C04F79EFBC}") = "Expenses_Management", "Expenses_Management\Expenses_Management.csproj", "{C9C4CAF0-996E-4586-8D7B-9C07C5223FE3}"
EndProject
Project("{FAE04EC0-301F-11D3-BF4B-00C04F79EFBC}") = "Expenses.Model", "Expenses.Model\Expenses.Model.csproj", "{B42BE921-53E7-4870-8098-0A82827DF6C8}"
EndProject
Project("{FAE04EC0-301F-11D3-BF4B-00C04F79EFBC}") = "Expenses.DataAccess", "Expenses.DataAccess\Expenses.DataAccess.csproj", "{D62CDF55-7C6C-4F58-97B3-D08C3D4E170B}"
EndProject
Global
	GlobalSection(SolutionConfigurationPlatforms) = preSolution
		Debug|Any CPU = Debug|Any CPU
		Release|Any CPU = Release|Any CPU
	EndGlobalSection
	GlobalSection(ProjectConfigurationPlatforms) = postSolution
		{C9C4CAF0-996E-4586-8D7B-9C07C5223FE3}.Debug|Any CPU.ActiveCfg = Debug|Any CPU
		{C9C4CAF0-996E-4586-8D7B-9C07C5223FE3}.Debug|Any CPU.Build.0 = Debug|Any CPU
		{C9C4CAF0-996E-4586-8D7B-9C07C5223FE3}.Release|Any CPU.ActiveCfg = Release|Any CPU
		{C9C4CAF0-996E-4586-8D7B-9C07C5223FE3}.Release|Any CPU.Build.0 = Release|Any CPU
		{B42BE921-53E7-4870-8098-0A82827DF6C8}.Debug|Any CPU.ActiveCfg = Debug|Any CPU
		{B42BE921-53E7-4870-8098-0A82827DF6C8}.Debug|Any CPU.Build.0 = Debug|Any CPU
		{B42BE921-53E7-4870-8098-0A82827DF6C8}.Release|Any CPU.ActiveCfg = Release|Any CPU
		{B42BE921-53E7-4870-8098-0A82827DF6C8}.Release|Any CPU.Build.0 = Release|Any CPU
		{D62CDF55-7C6C-4F58-97B3-D08C3D4E170B}.Debug|Any CPU.ActiveCfg = Debug|Any CPU
		{D62CDF55-7C6C-4F58-97B3-D08C3D4E170B}.Debug|Any CPU.Build.0 = Debug|Any CPU
		{D62CDF55-7C6C-4F58-97B3-D08C3D4E170B}.Release|Any CPU.ActiveCfg = Release|Any CPU
		{D62CDF55-7C6C-4F58-97B3-D08C3D4E170B}.Release|Any CPU.Build.0 = Release|Any CPU
	EndGlobalSection
	GlobalSection(SolutionProperties) = preSolution
		HideSolutionNode = FALSE
	EndGlobalSection
	GlobalSection(ExtensibilityGlobals) = postSolution
		SolutionGuid = {EEA695EB-BC46-4B5A-8BC4-12A8FA4EF38B}
	EndGlobalSection
EndGlobal
